PODS:
  - Alamofire (4.7.0)
  - AlamofireImage (3.3.0):
    - Alamofire (~> 4.5)
  - DateToolsSwift (2.0.3)
  - KeychainAccess (3.1.0)
  - OAuthSwift (1.1.2)
  - OAuthSwiftAlamofire (0.1.0):
    - Alamofire
    - OAuthSwift

DEPENDENCIES:
  - Alamofire
  - AlamofireImage
  - DateToolsSwift
  - KeychainAccess
  - OAuthSwift (~> 1.1.2)
  - OAuthSwiftAlamofire

SPEC CHECKSUMS:
  Alamofire: 907e0a98eb68cdb7f9d1f541a563d6ac5dc77b25
  AlamofireImage: 2e784dc5d00f04903a52c1d169181469c805c3df
  DateToolsSwift: bf69bf9056d9e53c5c03f06e51f219b9b8b02f9e
  KeychainAccess: 94c5540b32eabf7bc32bfb976a268e8ea05fd6da
  OAuthSwift: 5aa5659984d3ca3206ba636a9e7a9c6626b2e8bd
  OAuthSwiftAlamofire: 20bb998ac506f82c3bab0625fbc98a9c6fca783f

PODFILE CHECKSUM: 90969c1eda0a0b26f32a21cbf13dbf523cb54f34

COCOAPODS: 1.4.0
